
Microsoft Visual Studio Solution File, Format Version 12.00
# Visual Studio 15
VisualStudioVersion = 15.0.28010.2046
MinimumVisualStudioVersion = 10.0.40219.1
Project("{FAE04EC0-301F-11D3-BF4B-00C04F79EFBC}") = "NHLTeamStats", "NHLTeamStats\NHLTeamStats.csproj", "{DCAB62CE-34C7-41C2-AE1C-6C714F3D7775}"
EndProject
Project("{FAE04EC0-301F-11D3-BF4B-00C04F79EFBC}") = "NHLTeamsLib", "TeamsNHL\NHLTeamsLib.csproj", "{61786A5F-5ADF-4FC5-93A8-A0ECFE58C711}"
EndProject
Global
	GlobalSection(SolutionConfigurationPlatforms) = preSolution
		Debug|Any CPU = Debug|Any CPU
		Release|Any CPU = Release|Any CPU
	EndGlobalSection
	GlobalSection(ProjectConfigurationPlatforms) = postSolution
		{DCAB62CE-34C7-41C2-AE1C-6C714F3D7775}.Debug|Any CPU.ActiveCfg = Debug|Any CPU
		{DCAB62CE-34C7-41C2-AE1C-6C714F3D7775}.Debug|Any CPU.Build.0 = Debug|Any CPU
		{DCAB62CE-34C7-41C2-AE1C-6C714F3D7775}.Release|Any CPU.ActiveCfg = Release|Any CPU
		{DCAB62CE-34C7-41C2-AE1C-6C714F3D7775}.Release|Any CPU.Build.0 = Release|Any CPU
		{61786A5F-5ADF-4FC5-93A8-A0ECFE58C711}.Debug|Any CPU.ActiveCfg = Debug|Any CPU
		{61786A5F-5ADF-4FC5-93A8-A0ECFE58C711}.Debug|Any CPU.Build.0 = Debug|Any CPU
		{61786A5F-5ADF-4FC5-93A8-A0ECFE58C711}.Release|Any CPU.ActiveCfg = Release|Any CPU
		{61786A5F-5ADF-4FC5-93A8-A0ECFE58C711}.Release|Any CPU.Build.0 = Release|Any CPU
	EndGlobalSection
	GlobalSection(SolutionProperties) = preSolution
		HideSolutionNode = FALSE
	EndGlobalSection
	GlobalSection(ExtensibilityGlobals) = postSolution
		SolutionGuid = {80ED4137-FA54-48DF-B0D6-20C34ECA8C41}
	EndGlobalSection
EndGlobal
